// !$*UTF8*$!
{
	archiveVersion = 1;
	classes = {
	};
	objectVersion = 77;
	objects = {

/* Begin PBXContainerItemProxy section */
		6A9F357C2DE3B62D00386FFC /* PBXContainerItemProxy */ = {
			isa = PBXContainerItemProxy;
			containerPortal = 6A9F355D2DE3B62B00386FFC /* Project object */;
			proxyType = 1;
			remoteGlobalIDString = 6A9F35642DE3B62B00386FFC;
			remoteInfo = MyCallKit;
		};
		6A9F35862DE3B62D00386FFC /* PBXContainerItemProxy */ = {
			isa = PBXContainerItemProxy;
			containerPortal = 6A9F355D2DE3B62B00386FFC /* Project object */;
			proxyType = 1;
			remoteGlobalIDString = 6A9F35642DE3B62B00386FFC;
			remoteInfo = MyCallKit;
		};
/* End PBXContainerItemProxy section */

/* Begin PBXFileReference section */
		6A9F35652DE3B62B00386FFC /* MyCallKit.app */ = {isa = PBXFileReference; explicitFileType = wrapper.application; includeInIndex = 0; path = MyCallKit.app; sourceTree = BUILT_PRODUCTS_DIR; };
		6A9F357B2DE3B62D00386FFC /* MyCallKitTests.xctest */ = {isa = PBXFileReference; explicitFileType = wrapper.cfbundle; includeInIndex = 0; path = MyCallKitTests.xctest; sourceTree = BUILT_PRODUCTS_DIR; };
		6A9F35852DE3B62D00386FFC /* MyCallKitUITests.xctest */ = {isa = PBXFileReference; explicitFileType = wrapper.cfbundle; includeInIndex = 0; path = MyCallKitUITests.xctest; sourceTree = BUILT_PRODUCTS_DIR; };
/* End PBXFileReference section */

/* Begin PBXFileSystemSynchronizedBuildFileExceptionSet section */
		6A9F358D2DE3B62D00386FFC /* Exceptions for "MyCallKit" folder in "MyCallKit" target */ = {
			isa = PBXFileSystemSynchronizedBuildFileExceptionSet;
			membershipExceptions = (
				Info.plist,
			);
			target = 6A9F35642DE3B62B00386FFC /* MyCallKit */;
		};
/* End PBXFileSystemSynchronizedBuildFileExceptionSet section */

/* Begin PBXFileSystemSynchronizedRootGroup section */
		6A9F35672DE3B62B00386FFC /* MyCallKit */ = {
			isa = PBXFileSystemSynchronizedRootGroup;
			exceptions = (
				6A9F358D2DE3B62D00386FFC /* Exceptions for "MyCallKit" folder in "MyCallKit" target */,
			);
			path = MyCallKit;
			sourceTree = "<group>";
		};
		6A9F357E2DE3B62D00386FFC /* MyCallKitTests */ = {
			isa = PBXFileSystemSynchronizedRootGroup;
			path = MyCallKitTests;
			sourceTree = "<group>";
		};
		6A9F35882DE3B62D00386FFC /* MyCallKitUITests */ = {
			isa = PBXFileSystemSynchronizedRootGroup;
			path = MyCallKitUITests;
			sourceTree = "<group>";
		};
/* End PBXFileSystemSynchronizedRootGroup section */

/* Begin PBXFrameworksBuildPhase section */
		6A9F35622DE3B62B00386FFC /* Frameworks */ = {
			isa = PBXFrameworksBuildPhase;
			buildActionMask = 2147483647;
			files = (
			);
			runOnlyForDeploymentPostprocessing = 0;
		};
		6A9F35782DE3B62D00386FFC /* Frameworks */ = {
			isa = PBXFrameworksBuildPhase;
			buildActionMask = 2147483647;
			files = (
			);
			runOnlyForDeploymentPostprocessing = 0;
		};
		6A9F35822DE3B62D00386FFC /* Frameworks */ = {
			isa = PBXFrameworksBuildPhase;
			buildActionMask = 2147483647;
			files = (
			);
			runOnlyForDeploymentPostprocessing = 0;
		};
/* End PBXFrameworksBuildPhase section */

/* Begin PBXGroup section */
		6A9F355C2DE3B62B00386FFC = {
			isa = PBXGroup;
			children = (
				6A9F35672DE3B62B00386FFC /* MyCallKit */,
				6A9F357E2DE3B62D00386FFC /* MyCallKitTests */,
				6A9F35882DE3B62D00386FFC /* MyCallKitUITests */,
				6A9F35662DE3B62B00386FFC /* Products */,
			);
			sourceTree = "<group>";
		};
		6A9F35662DE3B62B00386FFC /* Products */ = {
			isa = PBXGroup;
			children = (
				6A9F35652DE3B62B00386FFC /* MyCallKit.app */,
				6A9F357B2DE3B62D00386FFC /* MyCallKitTests.xctest */,
				6A9F35852DE3B62D00386FFC /* MyCallKitUITests.xctest */,
			);
			name = Products;
			sourceTree = "<group>";
		};
/* End PBXGroup section */

/* Begin PBXNativeTarget section */
		6A9F35642DE3B62B00386FFC /* MyCallKit */ = {
			isa = PBXNativeTarget;
			buildConfigurationList = 6A9F358E2DE3B62D00386FFC /* Build configuration list for PBXNativeTarget "MyCallKit" */;
			buildPhases = (
				6A9F35612DE3B62B00386FFC /* Sources */,
				6A9F35622DE3B62B00386FFC /* Frameworks */,
				6A9F35632DE3B62B00386FFC /* Resources */,
			);
			buildRules = (
			);
			dependencies = (
			);
			fileSystemSynchronizedGroups = (
				6A9F35672DE3B62B00386FFC /* MyCallKit */,
			);
			name = MyCallKit;
			packageProductDependencies = (
			);
			productName = MyCallKit;
			productReference = 6A9F35652DE3B62B00386FFC /* MyCallKit.app */;
			productType = "com.apple.product-type.application";
		};
		6A9F357A2DE3B62D00386FFC /* MyCallKitTests */ = {
			isa = PBXNativeTarget;
			buildConfigurationList = 6A9F35932DE3B62D00386FFC /* Build configuration list for PBXNativeTarget "MyCallKitTests" */;
			buildPhases = (
				6A9F35772DE3B62D00386FFC /* Sources */,
				6A9F35782DE3B62D00386FFC /* Frameworks */,
				6A9F35792DE3B62D00386FFC /* Resources */,
			);
			buildRules = (
			);
			dependencies = (
				6A9F357D2DE3B62D00386FFC /* PBXTargetDependency */,
			);
			fileSystemSynchronizedGroups = (
				6A9F357E2DE3B62D00386FFC /* MyCallKitTests */,
			);
			name = MyCallKitTests;
			packageProductDependencies = (
			);
			productName = MyCallKitTests;
			productReference = 6A9F357B2DE3B62D00386FFC /* MyCallKitTests.xctest */;
			productType = "com.apple.product-type.bundle.unit-test";
		};
		6A9F35842DE3B62D00386FFC /* MyCallKitUITests */ = {
			isa = PBXNativeTarget;
			buildConfigurationList = 6A9F35962DE3B62D00386FFC /* Build configuration list for PBXNativeTarget "MyCallKitUITests" */;
			buildPhases = (
				6A9F35812DE3B62D00386FFC /* Sources */,
				6A9F35822DE3B62D00386FFC /* Frameworks */,
				6A9F35832DE3B62D00386FFC /* Resources */,
			);
			buildRules = (
			);
			dependencies = (
				6A9F35872DE3B62D00386FFC /* PBXTargetDependency */,
			);
			fileSystemSynchronizedGroups = (
				6A9F35882DE3B62D00386FFC /* MyCallKitUITests */,
			);
			name = MyCallKitUITests;
			packageProductDependencies = (
			);
			productName = MyCallKitUITests;
			productReference = 6A9F35852DE3B62D00386FFC /* MyCallKitUITests.xctest */;
			productType = "com.apple.product-type.bundle.ui-testing";
		};
/* End PBXNativeTarget section */

/* Begin PBXProject section */
		6A9F355D2DE3B62B00386FFC /* Project object */ = {
			isa = PBXProject;
			attributes = {
				BuildIndependentTargetsInParallel = 1;
				LastSwiftUpdateCheck = 1630;
				LastUpgradeCheck = 1630;
				TargetAttributes = {
					6A9F35642DE3B62B00386FFC = {
						CreatedOnToolsVersion = 16.3;
					};
					6A9F357A2DE3B62D00386FFC = {
						CreatedOnToolsVersion = 16.3;
						TestTargetID = 6A9F35642DE3B62B00386FFC;
					};
					6A9F35842DE3B62D00386FFC = {
						CreatedOnToolsVersion = 16.3;
						TestTargetID = 6A9F35642DE3B62B00386FFC;
					};
				};
			};
			buildConfigurationList = 6A9F35602DE3B62B00386FFC /* Build configuration list for PBXProject "MyCallKit" */;
			developmentRegion = en;
			hasScannedForEncodings = 0;
			knownRegions = (
				en,
				Base,
			);
			mainGroup = 6A9F355C2DE3B62B00386FFC;
			minimizedProjectReferenceProxies = 1;
			preferredProjectObjectVersion = 77;
			productRefGroup = 6A9F35662DE3B62B00386FFC /* Products */;
			projectDirPath = "";
			projectRoot = "";
			targets = (
				6A9F35642DE3B62B00386FFC /* MyCallKit */,
				6A9F357A2DE3B62D00386FFC /* MyCallKitTests */,
				6A9F35842DE3B62D00386FFC /* MyCallKitUITests */,
			);
		};
/* End PBXProject section */

/* Begin PBXResourcesBuildPhase section */
		6A9F35632DE3B62B00386FFC /* Resources */ = {
			isa = PBXResourcesBuildPhase;
			buildActionMask = 2147483647;
			files = (
			);
			runOnlyForDeploymentPostprocessing = 0;
		};
		6A9F35792DE3B62D00386FFC /* Resources */ = {
			isa = PBXResourcesBuildPhase;
			buildActionMask = 2147483647;
			files = (
			);
			runOnlyForDeploymentPostprocessing = 0;
		};
		6A9F35832DE3B62D00386FFC /* Resources */ = {
			isa = PBXResourcesBuildPhase;
			buildActionMask = 2147483647;
			files = (
			);
			runOnlyForDeploymentPostprocessing = 0;
		};
/* End PBXResourcesBuildPhase section */

/* Begin PBXSourcesBuildPhase section */
		6A9F35612DE3B62B00386FFC /* Sources */ = {
			isa = PBXSourcesBuildPhase;
			buildActionMask = 2147483647;
			files = (
			);
			runOnlyForDeploymentPostprocessing = 0;
		};
		6A9F35772DE3B62D00386FFC /* Sources */ = {
			isa = PBXSourcesBuildPhase;
			buildActionMask = 2147483647;
			files = (
			);
			runOnlyForDeploymentPostprocessing = 0;
		};
		6A9F35812DE3B62D00386FFC /* Sources */ = {
			isa = PBXSourcesBuildPhase;
			buildActionMask = 2147483647;
			files = (
			);
			runOnlyForDeploymentPostprocessing = 0;
		};
/* End PBXSourcesBuildPhase section */

/* Begin PBXTargetDependency section */
		6A9F357D2DE3B62D00386FFC /* PBXTargetDependency */ = {
			isa = PBXTargetDependency;
			target = 6A9F35642DE3B62B00386FFC /* MyCallKit */;
			targetProxy = 6A9F357C2DE3B62D00386FFC /* PBXContainerItemProxy */;
		};
		6A9F35872DE3B62D00386FFC /* PBXTargetDependency */ = {
			isa = PBXTargetDependency;
			target = 6A9F35642DE3B62B00386FFC /* MyCallKit */;
			targetProxy = 6A9F35862DE3B62D00386FFC /* PBXContainerItemProxy */;
		};
/* End PBXTargetDependency section */

/* Begin XCBuildConfiguration section */
		6A9F358F2DE3B62D00386FFC /* Debug */ = {
			isa = XCBuildConfiguration;
			buildSettings = {
				ASSETCATALOG_COMPILER_APPICON_NAME = AppIcon;
				ASSETCATALOG_COMPILER_GLOBAL_ACCENT_COLOR_NAME = AccentColor;
				CODE_SIGN_STYLE = Automatic;
				CURRENT_PROJECT_VERSION = 1;
				DEVELOPMENT_TEAM = 244RFX44WS;
				GENERATE_INFOPLIST_FILE = YES;
				INFOPLIST_FILE = MyCallKit/Info.plist;
				INFOPLIST_KEY_UIApplicationSupportsIndirectInputEvents = YES;
				INFOPLIST_KEY_UILaunchStoryboardName = LaunchScreen;
				INFOPLIST_KEY_UIMainStoryboardFile = Main;
				INFOPLIST_KEY_UISupportedInterfaceOrientations_iPad = "UIInterfaceOrientationPortrait UIInterfaceOrientationPortraitUpsideDown UIInterfaceOrientationLandscapeLeft UIInterfaceOrientationLandscapeRight";
				INFOPLIST_KEY_UISupportedInterfaceOrientations_iPhone = "UIInterfaceOrientationPortrait UIInterfaceOrientationLandscapeLeft UIInterfaceOrientationLandscapeRight";
				LD_RUNPATH_SEARCH_PATHS = (
					"$(inherited)",
					"@executable_path/Frameworks",
				);
				MARKETING_VERSION = 1.0;
				PRODUCT_BUNDLE_IDENTIFIER = o.MyCallKit;
				PRODUCT_NAME = "$(TARGET_NAME)";
				SWIFT_EMIT_LOC_STRINGS = YES;
				SWIFT_VERSION = 5.0;
				TARGETED_DEVICE_FAMILY = "1,2";
			};
			name = Debug;
		};
		6A9F35902DE3B62D00386FFC /* Release */ = {
			isa = XCBuildConfiguration;
			buildSettings = {
				ASSETCATALOG_COMPILER_APPICON_NAME = AppIcon;
				ASSETCATALOG_COMPILER_GLOBAL_ACCENT_COLOR_NAME = AccentColor;
				CODE_SIGN_STYLE = Automatic;
				CURRENT_PROJECT_VERSION = 1;
				DEVELOPMENT_TEAM = 244RFX44WS;
				GENERATE_INFOPLIST_FILE = YES;
				INFOPLIST_FILE = MyCallKit/Info.plist;
				INFOPLIST_KEY_UIApplicationSupportsIndirectInputEvents = YES;
				INFOPLIST_KEY_UILaunchStoryboardName = LaunchScreen;
				INFOPLIST_KEY_UIMainStoryboardFile = Main;
				INFOPLIST_KEY_UISupportedInterfaceOrientations_iPad = "UIInterfaceOrientationPortrait UIInterfaceOrientationPortraitUpsideDown UIInterfaceOrientationLandscapeLeft UIInterfaceOrientationLandscapeRight";
				INFOPLIST_KEY_UISupportedInterfaceOrientations_iPhone = "UIInterfaceOrientationPortrait UIInterfaceOrientationLandscapeLeft UIInterfaceOrientationLandscapeRight";
				LD_RUNPATH_SEARCH_PATHS = (
					"$(inherited)",
					"@executable_path/Frameworks",
				);
				MARKETING_VERSION = 1.0;
				PRODUCT_BUNDLE_IDENTIFIER = o.MyCallKit;
				PRODUCT_NAME = "$(TARGET_NAME)";
				SWIFT_EMIT_LOC_STRINGS = YES;
				SWIFT_VERSION = 5.0;
				TARGETED_DEVICE_FAMILY = "1,2";
			};
			name = Release;
		};
		6A9F35912DE3B62D00386FFC /* Debug */ = {
			isa = XCBuildConfiguration;
			buildSettings = {
				ALWAYS_SEARCH_USER_PATHS = NO;
				ASSETCATALOG_COMPILER_GENERATE_SWIFT_ASSET_SYMBOL_EXTENSIONS = YES;
				CLANG_ANALYZER_NONNULL = YES;
				CLANG_ANALYZER_NUMBER_OBJECT_CONVERSION = YES_AGGRESSIVE;
				CLANG_CXX_LANGUAGE_STANDARD = "gnu++20";
				CLANG_ENABLE_MODULES = YES;
				CLANG_ENABLE_OBJC_ARC = YES;
				CLANG_ENABLE_OBJC_WEAK = YES;
				CLANG_WARN_BLOCK_CAPTURE_AUTORELEASING = YES;
				CLANG_WARN_BOOL_CONVERSION = YES;
				CLANG_WARN_COMMA = YES;
				CLANG_WARN_CONSTANT_CONVERSION = YES;
				CLANG_WARN_DEPRECATED_OBJC_IMPLEMENTATIONS = YES;
				CLANG_WARN_DIRECT_OBJC_ISA_USAGE = YES_ERROR;
				CLANG_WARN_DOCUMENTATION_COMMENTS = YES;
				CLANG_WARN_EMPTY_BODY = YES;
				CLANG_WARN_ENUM_CONVERSION = YES;
				CLANG_WARN_INFINITE_RECURSION = YES;
				CLANG_WARN_INT_CONVERSION = YES;
				CLANG_WARN_NON_LITERAL_NULL_CONVERSION = YES;
				CLANG_WARN_OBJC_IMPLICIT_RETAIN_SELF = YES;
				CLANG_WARN_OBJC_LITERAL_CONVERSION = YES;
				CLANG_WARN_OBJC_ROOT_CLASS = YES_ERROR;
				CLANG_WARN_QUOTED_INCLUDE_IN_FRAMEWORK_HEADER = YES;
				CLANG_WARN_RANGE_LOOP_ANALYSIS = YES;
				CLANG_WARN_STRICT_PROTOTYPES = YES;
				CLANG_WARN_SUSPICIOUS_MOVE = YES;
				CLANG_WARN_UNGUARDED_AVAILABILITY = YES_AGGRESSIVE;
				CLANG_WARN_UNREACHABLE_CODE = YES;
				CLANG_WARN__DUPLICATE_METHOD_MATCH = YES;
				COPY_PHASE_STRIP = NO;
				DEBUG_INFORMATION_FORMAT = dwarf;
				DEVELOPMENT_TEAM = 244RFX44WS;
				ENABLE_STRICT_OBJC_MSGSEND = YES;
				ENABLE_TESTABILITY = YES;
				ENABLE_USER_SCRIPT_SANDBOXING = YES;
				GCC_C_LANGUAGE_STANDARD = gnu17;
				GCC_DYNAMIC_NO_PIC = NO;
				GCC_NO_COMMON_BLOCKS = YES;
				GCC_OPTIMIZATION_LEVEL = 0;
				GCC_PREPROCESSOR_DEFINITIONS = (
					"DEBUG=1",
					"$(inherited)",
				);
				GCC_WARN_64_TO_32_BIT_CONVERSION = YES;
				GCC_WARN_ABOUT_RETURN_TYPE = YES_ERROR;
				GCC_WARN_UNDECLARED_SELECTOR = YES;
				GCC_WARN_UNINITIALIZED_AUTOS = YES_AGGRESSIVE;
				GCC_WARN_UNUSED_FUNCTION = YES;
				GCC_WARN_UNUSED_VARIABLE = YES;
				IPHONEOS_DEPLOYMENT_TARGET = 18.4;
				LOCALIZATION_PREFERS_STRING_CATALOGS = YES;
				MTL_ENABLE_DEBUG_INFO = INCLUDE_SOURCE;
				MTL_FAST_MATH = YES;
				ONLY_ACTIVE_ARCH = YES;
				SDKROOT = iphoneos;
				SWIFT_ACTIVE_COMPILATION_CONDITIONS = "DEBUG $(inherited)";
				SWIFT_OPTIMIZATION_LEVEL = "-Onone";
			};
			name = Debug;
		};
		6A9F35922DE3B62D00386FFC /* Release */ = {
			isa = XCBuildConfiguration;
			buildSettings = {
				ALWAYS_SEARCH_USER_PATHS = NO;
				ASSETCATALOG_COMPILER_GENERATE_SWIFT_ASSET_SYMBOL_EXTENSIONS = YES;
				CLANG_ANALYZER_NONNULL = YES;
				CLANG_ANALYZER_NUMBER_OBJECT_CONVERSION = YES_AGGRESSIVE;
				CLANG_CXX_LANGUAGE_STANDARD = "gnu++20";
				CLANG_ENABLE_MODULES = YES;
				CLANG_ENABLE_OBJC_ARC = YES;
				CLANG_ENABLE_OBJC_WEAK = YES;
				CLANG_WARN_BLOCK_CAPTURE_AUTORELEASING = YES;
				CLANG_WARN_BOOL_CONVERSION = YES;
				CLANG_WARN_COMMA = YES;
				CLANG_WARN_CONSTANT_CONVERSION = YES;
				CLANG_WARN_DEPRECATED_OBJC_IMPLEMENTATIONS = YES;
				CLANG_WARN_DIRECT_OBJC_ISA_USAGE = YES_ERROR;
				CLANG_WARN_DOCUMENTATION_COMMENTS = YES;
				CLANG_WARN_EMPTY_BODY = YES;
				CLANG_WARN_ENUM_CONVERSION = YES;
				CLANG_WARN_INFINITE_RECURSION = YES;
				CLANG_WARN_INT_CONVERSION = YES;
				CLANG_WARN_NON_LITERAL_NULL_CONVERSION = YES;
				CLANG_WARN_OBJC_IMPLICIT_RETAIN_SELF = YES;
				CLANG_WARN_OBJC_LITERAL_CONVERSION = YES;
				CLANG_WARN_OBJC_ROOT_CLASS = YES_ERROR;
				CLANG_WARN_QUOTED_INCLUDE_IN_FRAMEWORK_HEADER = YES;
				CLANG_WARN_RANGE_LOOP_ANALYSIS = YES;
				CLANG_WARN_STRICT_PROTOTYPES = YES;
				CLANG_WARN_SUSPICIOUS_MOVE = YES;
				CLANG_WARN_UNGUARDED_AVAILABILITY = YES_AGGRESSIVE;
				CLANG_WARN_UNREACHABLE_CODE = YES;
				CLANG_WARN__DUPLICATE_METHOD_MATCH = YES;
				COPY_PHASE_STRIP = NO;
				DEBUG_INFORMATION_FORMAT = "dwarf-with-dsym";
				DEVELOPMENT_TEAM = 244RFX44WS;
				ENABLE_NS_ASSERTIONS = NO;
				ENABLE_STRICT_OBJC_MSGSEND = YES;
				ENABLE_USER_SCRIPT_SANDBOXING = YES;
				GCC_C_LANGUAGE_STANDARD = gnu17;
				GCC_NO_COMMON_BLOCKS = YES;
				GCC_WARN_64_TO_32_BIT_CONVERSION = YES;
				GCC_WARN_ABOUT_RETURN_TYPE = YES_ERROR;
				GCC_WARN_UNDECLARED_SELECTOR = YES;
				GCC_WARN_UNINITIALIZED_AUTOS = YES_AGGRESSIVE;
				GCC_WARN_UNUSED_FUNCTION = YES;
				GCC_WARN_UNUSED_VARIABLE = YES;
				IPHONEOS_DEPLOYMENT_TARGET = 18.4;
				LOCALIZATION_PREFERS_STRING_CATALOGS = YES;
				MTL_ENABLE_DEBUG_INFO = NO;
				MTL_FAST_MATH = YES;
				SDKROOT = iphoneos;
				SWIFT_COMPILATION_MODE = wholemodule;
				VALIDATE_PRODUCT = YES;
			};
			name = Release;
		};
		6A9F35942DE3B62D00386FFC /* Debug */ = {
			isa = XCBuildConfiguration;
			buildSettings = {
				BUNDLE_LOADER = "$(TEST_HOST)";
				CODE_SIGN_STYLE = Automatic;
				CURRENT_PROJECT_VERSION = 1;
				DEVELOPMENT_TEAM = 244RFX44WS;
				GENERATE_INFOPLIST_FILE = YES;
				IPHONEOS_DEPLOYMENT_TARGET = 18.4;
				MARKETING_VERSION = 1.0;
				PRODUCT_BUNDLE_IDENTIFIER = o.MyCallKitTests;
				PRODUCT_NAME = "$(TARGET_NAME)";
				SWIFT_EMIT_LOC_STRINGS = NO;
				SWIFT_VERSION = 5.0;
				TARGETED_DEVICE_FAMILY = "1,2";
				TEST_HOST = "$(BUILT_PRODUCTS_DIR)/MyCallKit.app/$(BUNDLE_EXECUTABLE_FOLDER_PATH)/MyCallKit";
			};
			name = Debug;
		};
		6A9F35952DE3B62D00386FFC /* Release */ = {
			isa = XCBuildConfiguration;
			buildSettings = {
				BUNDLE_LOADER = "$(TEST_HOST)";
				CODE_SIGN_STYLE = Automatic;
				CURRENT_PROJECT_VERSION = 1;
				DEVELOPMENT_TEAM = 244RFX44WS;
				GENERATE_INFOPLIST_FILE = YES;
				IPHONEOS_DEPLOYMENT_TARGET = 18.4;
				MARKETING_VERSION = 1.0;
				PRODUCT_BUNDLE_IDENTIFIER = o.MyCallKitTests;
				PRODUCT_NAME = "$(TARGET_NAME)";
				SWIFT_EMIT_LOC_STRINGS = NO;
				SWIFT_VERSION = 5.0;
				TARGETED_DEVICE_FAMILY = "1,2";
				TEST_HOST = "$(BUILT_PRODUCTS_DIR)/MyCallKit.app/$(BUNDLE_EXECUTABLE_FOLDER_PATH)/MyCallKit";
			};
			name = Release;
		};
		6A9F35972DE3B62D00386FFC /* Debug */ = {
			isa = XCBuildConfiguration;
			buildSettings = {
				CODE_SIGN_STYLE = Automatic;
				CURRENT_PROJECT_VERSION = 1;
				DEVELOPMENT_TEAM = 244RFX44WS;
				GENERATE_INFOPLIST_FILE = YES;
				MARKETING_VERSION = 1.0;
				PRODUCT_BUNDLE_IDENTIFIER = o.MyCallKitUITests;
				PRODUCT_NAME = "$(TARGET_NAME)";
				SWIFT_EMIT_LOC_STRINGS = NO;
				SWIFT_VERSION = 5.0;
				TARGETED_DEVICE_FAMILY = "1,2";
				TEST_TARGET_NAME = MyCallKit;
			};
			name = Debug;
		};
		6A9F35982DE3B62D00386FFC /* Release */ = {
			isa = XCBuildConfiguration;
			buildSettings = {
				CODE_SIGN_STYLE = Automatic;
				CURRENT_PROJECT_VERSION = 1;
				DEVELOPMENT_TEAM = 244RFX44WS;
				GENERATE_INFOPLIST_FILE = YES;
				MARKETING_VERSION = 1.0;
				PRODUCT_BUNDLE_IDENTIFIER = o.MyCallKitUITests;
				PRODUCT_NAME = "$(TARGET_NAME)";
				SWIFT_EMIT_LOC_STRINGS = NO;
				SWIFT_VERSION = 5.0;
				TARGETED_DEVICE_FAMILY = "1,2";
				TEST_TARGET_NAME = MyCallKit;
			};
			name = Release;
		};
/* End XCBuildConfiguration section */

/* Begin XCConfigurationList section */
		6A9F35602DE3B62B00386FFC /* Build configuration list for PBXProject "MyCallKit" */ = {
			isa = XCConfigurationList;
			buildConfigurations = (
				6A9F35912DE3B62D00386FFC /* Debug */,
				6A9F35922DE3B62D00386FFC /* Release */,
			);
			defaultConfigurationIsVisible = 0;
			defaultConfigurationName = Release;
		};
		6A9F358E2DE3B62D00386FFC /* Build configuration list for PBXNativeTarget "MyCallKit" */ = {
			isa = XCConfigurationList;
			buildConfigurations = (
				6A9F358F2DE3B62D00386FFC /* Debug */,
				6A9F35902DE3B62D00386FFC /* Release */,
			);
			defaultConfigurationIsVisible = 0;
			defaultConfigurationName = Release;
		};
		6A9F35932DE3B62D00386FFC /* Build configuration list for PBXNativeTarget "MyCallKitTests" */ = {
			isa = XCConfigurationList;
			buildConfigurations = (
				6A9F35942DE3B62D00386FFC /* Debug */,
				6A9F35952DE3B62D00386FFC /* Release */,
			);
			defaultConfigurationIsVisible = 0;
			defaultConfigurationName = Release;
		};
		6A9F35962DE3B62D00386FFC /* Build configuration list for PBXNativeTarget "MyCallKitUITests" */ = {
			isa = XCConfigurationList;
			buildConfigurations = (
				6A9F35972DE3B62D00386FFC /* Debug */,
				6A9F35982DE3B62D00386FFC /* Release */,
			);
			defaultConfigurationIsVisible = 0;
			defaultConfigurationName = Release;
		};
/* End XCConfigurationList section */
	};
	rootObject = 6A9F355D2DE3B62B00386FFC /* Project object */;
}
